
Microsoft Visual Studio Solution File, Format Version 12.00
# Visual Studio Version 16
VisualStudioVersion = 16.0.30114.105
MinimumVisualStudioVersion = 10.0.40219.1
Project("{FAE04EC0-301F-11D3-BF4B-00C04F79EFBC}") = "R5T.Glyfada.Standard", "R5T.Glyfada.Standard\R5T.Glyfada.Standard.csproj", "{AC5F7E8B-C918-467C-9002-0199829FB7D2}"
EndProject
Project("{FAE04EC0-301F-11D3-BF4B-00C04F79EFBC}") = "R5T.Glyfada.Standard.Construction", "R5T.Glyfada.Standard.Construction\R5T.Glyfada.Standard.Construction.csproj", "{10EC66D2-545E-4BFF-97F8-E9613C4A1518}"
EndProject
Project("{FAE04EC0-301F-11D3-BF4B-00C04F79EFBC}") = "R5T.Glyfada.Standard.Testing", "R5T.Glyfada.Standard.Testing\R5T.Glyfada.Standard.Testing.csproj", "{47BD6269-2202-404B-A801-9874637DFD94}"
EndProject
Global
	GlobalSection(SolutionConfigurationPlatforms) = preSolution
		Debug|Any CPU = Debug|Any CPU
		Debug|x64 = Debug|x64
		Debug|x86 = Debug|x86
		Release|Any CPU = Release|Any CPU
		Release|x64 = Release|x64
		Release|x86 = Release|x86
	EndGlobalSection
	GlobalSection(SolutionProperties) = preSolution
		HideSolutionNode = FALSE
	EndGlobalSection
	GlobalSection(ProjectConfigurationPlatforms) = postSolution
		{AC5F7E8B-C918-467C-9002-0199829FB7D2}.Debug|Any CPU.ActiveCfg = Debug|Any CPU
		{AC5F7E8B-C918-467C-9002-0199829FB7D2}.Debug|Any CPU.Build.0 = Debug|Any CPU
		{AC5F7E8B-C918-467C-9002-0199829FB7D2}.Debug|x64.ActiveCfg = Debug|Any CPU
		{AC5F7E8B-C918-467C-9002-0199829FB7D2}.Debug|x64.Build.0 = Debug|Any CPU
		{AC5F7E8B-C918-467C-9002-0199829FB7D2}.Debug|x86.ActiveCfg = Debug|Any CPU
		{AC5F7E8B-C918-467C-9002-0199829FB7D2}.Debug|x86.Build.0 = Debug|Any CPU
		{AC5F7E8B-C918-467C-9002-0199829FB7D2}.Release|Any CPU.ActiveCfg = Release|Any CPU
		{AC5F7E8B-C918-467C-9002-0199829FB7D2}.Release|Any CPU.Build.0 = Release|Any CPU
		{AC5F7E8B-C918-467C-9002-0199829FB7D2}.Release|x64.ActiveCfg = Release|Any CPU
		{AC5F7E8B-C918-467C-9002-0199829FB7D2}.Release|x64.Build.0 = Release|Any CPU
		{AC5F7E8B-C918-467C-9002-0199829FB7D2}.Release|x86.ActiveCfg = Release|Any CPU
		{AC5F7E8B-C918-467C-9002-0199829FB7D2}.Release|x86.Build.0 = Release|Any CPU
		{10EC66D2-545E-4BFF-97F8-E9613C4A1518}.Debug|Any CPU.ActiveCfg = Debug|Any CPU
		{10EC66D2-545E-4BFF-97F8-E9613C4A1518}.Debug|Any CPU.Build.0 = Debug|Any CPU
		{10EC66D2-545E-4BFF-97F8-E9613C4A1518}.Debug|x64.ActiveCfg = Debug|Any CPU
		{10EC66D2-545E-4BFF-97F8-E9613C4A1518}.Debug|x64.Build.0 = Debug|Any CPU
		{10EC66D2-545E-4BFF-97F8-E9613C4A1518}.Debug|x86.ActiveCfg = Debug|Any CPU
		{10EC66D2-545E-4BFF-97F8-E9613C4A1518}.Debug|x86.Build.0 = Debug|Any CPU
		{10EC66D2-545E-4BFF-97F8-E9613C4A1518}.Release|Any CPU.ActiveCfg = Release|Any CPU
		{10EC66D2-545E-4BFF-97F8-E9613C4A1518}.Release|Any CPU.Build.0 = Release|Any CPU
		{10EC66D2-545E-4BFF-97F8-E9613C4A1518}.Release|x64.ActiveCfg = Release|Any CPU
		{10EC66D2-545E-4BFF-97F8-E9613C4A1518}.Release|x64.Build.0 = Release|Any CPU
		{10EC66D2-545E-4BFF-97F8-E9613C4A1518}.Release|x86.ActiveCfg = Release|Any CPU
		{10EC66D2-545E-4BFF-97F8-E9613C4A1518}.Release|x86.Build.0 = Release|Any CPU
		{47BD6269-2202-404B-A801-9874637DFD94}.Debug|Any CPU.ActiveCfg = Debug|Any CPU
		{47BD6269-2202-404B-A801-9874637DFD94}.Debug|Any CPU.Build.0 = Debug|Any CPU
		{47BD6269-2202-404B-A801-9874637DFD94}.Debug|x64.ActiveCfg = Debug|Any CPU
		{47BD6269-2202-404B-A801-9874637DFD94}.Debug|x64.Build.0 = Debug|Any CPU
		{47BD6269-2202-404B-A801-9874637DFD94}.Debug|x86.ActiveCfg = Debug|Any CPU
		{47BD6269-2202-404B-A801-9874637DFD94}.Debug|x86.Build.0 = Debug|Any CPU
		{47BD6269-2202-404B-A801-9874637DFD94}.Release|Any CPU.ActiveCfg = Release|Any CPU
		{47BD6269-2202-404B-A801-9874637DFD94}.Release|Any CPU.Build.0 = Release|Any CPU
		{47BD6269-2202-404B-A801-9874637DFD94}.Release|x64.ActiveCfg = Release|Any CPU
		{47BD6269-2202-404B-A801-9874637DFD94}.Release|x64.Build.0 = Release|Any CPU
		{47BD6269-2202-404B-A801-9874637DFD94}.Release|x86.ActiveCfg = Release|Any CPU
		{47BD6269-2202-404B-A801-9874637DFD94}.Release|x86.Build.0 = Release|Any CPU
	EndGlobalSection
EndGlobal
