
Microsoft Visual Studio Solution File, Format Version 12.00
# Visual Studio 15
VisualStudioVersion = 15.0.26124.0
MinimumVisualStudioVersion = 15.0.26124.0
Project("{9A19103F-16F7-4668-BE54-9A1E7A4F7556}") = "R5T.Glyfada.Standard.Construction", "R5T.Glyfada.Standard.Construction\R5T.Glyfada.Standard.Construction.csproj", "{7CC4F13B-15E7-4FE5-9A6C-578AF9EEF509}"
EndProject
Project("{9A19103F-16F7-4668-BE54-9A1E7A4F7556}") = "R5T.Glyfada.Standard", "R5T.Glyfada.Standard\R5T.Glyfada.Standard.csproj", "{9C7D9F97-C2DC-4093-9DBF-64704D749206}"
EndProject
Project("{9A19103F-16F7-4668-BE54-9A1E7A4F7556}") = "R5T.Glyfada.Standard.Testing", "R5T.Glyfada.Standard.Testing\R5T.Glyfada.Standard.Testing.csproj", "{D3B2A473-B232-4343-BCBB-EA879F1B0D56}"
EndProject
Project("{2150E333-8FDC-42A3-9474-1A3956D46DE8}") = "_Dependencies", "_Dependencies", "{E581E290-CE54-4EF7-8B06-2CCC806A7E07}"
EndProject
Project("{9A19103F-16F7-4668-BE54-9A1E7A4F7556}") = "R5T.Caledonia.Default", "..\..\R5T.Caledonia.Default\source\R5T.Caledonia.Default\R5T.Caledonia.Default.csproj", "{0FCD4049-5773-4B9A-97B4-29910C340D4B}"
EndProject
Project("{9A19103F-16F7-4668-BE54-9A1E7A4F7556}") = "R5T.Glyfada.Default", "..\..\R5T.Glyfada.Default\source\R5T.Glyfada.Default\R5T.Glyfada.Default.csproj", "{2D9D4C2A-B8A6-4BC2-B83C-0F8F34657D30}"
EndProject
Project("{9A19103F-16F7-4668-BE54-9A1E7A4F7556}") = "R5T.Nikaia.Configuration.Suebia", "..\..\R5T.Nikaia.Configuration.Suebia\source\R5T.Nikaia.Configuration.Suebia\R5T.Nikaia.Configuration.Suebia.csproj", "{79E00F27-E748-4564-8A87-A22C88EF338B}"
EndProject
Project("{9A19103F-16F7-4668-BE54-9A1E7A4F7556}") = "R5T.Caledonia.Base", "..\..\R5T.Caledonia.Base\source\R5T.Caledonia.Base\R5T.Caledonia.Base.csproj", "{CED9F478-9F21-4EC0-8E4D-7A91E9A0A848}"
EndProject
Project("{9A19103F-16F7-4668-BE54-9A1E7A4F7556}") = "R5T.Caledonia.Types", "..\..\R5T.Caledonia.Types\source\R5T.Caledonia.Types\R5T.Caledonia.Types.csproj", "{146CC935-FF2F-460D-9146-85488B231956}"
EndProject
Project("{9A19103F-16F7-4668-BE54-9A1E7A4F7556}") = "R5T.Magyar", "..\..\R5T.Magyar\source\R5T.Magyar\R5T.Magyar.csproj", "{A3C11F6C-5CE8-4586-97F9-70871CA7BA77}"
EndProject
Project("{9A19103F-16F7-4668-BE54-9A1E7A4F7556}") = "R5T.Glyfada.Base", "..\..\R5T.Glyfada.Base\source\R5T.Glyfada.Base\R5T.Glyfada.Base.csproj", "{5A3E3642-748C-4626-AF64-529138A2E7E0}"
EndProject
Project("{9A19103F-16F7-4668-BE54-9A1E7A4F7556}") = "R5T.Glyfada.Commands", "..\..\R5T.Glyfada.Commands\source\R5T.Glyfada.Commands\R5T.Glyfada.Commands.csproj", "{75147400-71CF-40ED-866F-E2E238C14CEE}"
EndProject
Project("{9A19103F-16F7-4668-BE54-9A1E7A4F7556}") = "R5T.Heraklion", "..\..\R5T.Heraklion\source\R5T.Heraklion\R5T.Heraklion.csproj", "{5F61D6B7-6CA3-4A63-B82A-813D5F4E0AC9}"
EndProject
Project("{9A19103F-16F7-4668-BE54-9A1E7A4F7556}") = "R5T.Piraeus", "..\..\R5T.Piraeus\source\R5T.Piraeus\R5T.Piraeus.csproj", "{B7CC272E-4F05-4C6C-99F1-C06F82F5F830}"
EndProject
Project("{9A19103F-16F7-4668-BE54-9A1E7A4F7556}") = "R5T.Nikaia.Base", "..\..\R5T.Nikaia.Base\source\R5T.Nikaia.Base\R5T.Nikaia.Base.csproj", "{6570D83B-EEB2-46D0-9238-52B02AC629B3}"
EndProject
Project("{9A19103F-16F7-4668-BE54-9A1E7A4F7556}") = "R5T.Volos", "..\..\R5T.Volos\source\R5T.Volos\R5T.Volos.csproj", "{56E8B77A-BA17-4FCC-BE34-5E0FA599DE70}"
EndProject
Project("{9A19103F-16F7-4668-BE54-9A1E7A4F7556}") = "R5T.Heraklion.Default", "..\..\R5T.Heraklion.Default\source\R5T.Heraklion.Default\R5T.Heraklion.Default.csproj", "{0AE89765-55E1-4330-986A-4DF292A08881}"
EndProject
Project("{9A19103F-16F7-4668-BE54-9A1E7A4F7556}") = "R5T.Piraeus.StringBuilder", "..\..\R5T.Piraeus.StringBuilder\source\R5T.Piraeus.StringBuilder\R5T.Piraeus.StringBuilder.csproj", "{B0A4445D-56B9-47B0-A3FC-AAFC779AD106}"
EndProject
Project("{9A19103F-16F7-4668-BE54-9A1E7A4F7556}") = "R5T.Nikaia.Configuration", "..\..\R5T.Nikaia.Configuration\source\R5T.Nikaia.Configuration\R5T.Nikaia.Configuration.csproj", "{0CB22F18-8E1C-4E6E-83C5-C9EA61EF30A2}"
EndProject
Project("{9A19103F-16F7-4668-BE54-9A1E7A4F7556}") = "R5T.Chamavia", "..\..\R5T.Chamavia\source\R5T.Chamavia\R5T.Chamavia.csproj", "{61FA85A6-CAAE-4A4D-8D3C-02405D6F94B9}"
EndProject
Project("{9A19103F-16F7-4668-BE54-9A1E7A4F7556}") = "R5T.Opatia", "..\..\R5T.Opatia\source\R5T.Opatia\R5T.Opatia.csproj", "{94FDADB4-1050-41D6-A48F-363A59EBABFD}"
EndProject
Project("{9A19103F-16F7-4668-BE54-9A1E7A4F7556}") = "R5T.Sardinia", "..\..\R5T.Sardinia\source\R5T.Sardinia\R5T.Sardinia.csproj", "{0860B0D5-A536-4C55-96AA-D09BC37BC0D3}"
EndProject
Project("{9A19103F-16F7-4668-BE54-9A1E7A4F7556}") = "R5T.Dacia", "..\..\R5T.Dacia\source\R5T.Dacia\R5T.Dacia.csproj", "{6CDFEAB0-3567-4072-A93E-5C3E6E9E6351}"
EndProject
Project("{9A19103F-16F7-4668-BE54-9A1E7A4F7556}") = "R5T.Suebia.Base", "..\..\R5T.Suebia.Base\source\R5T.Suebia.Base\R5T.Suebia.Base.csproj", "{3155F38F-074C-4216-B9FD-0EB0E58345A1}"
EndProject
Global
	GlobalSection(SolutionConfigurationPlatforms) = preSolution
		Debug|Any CPU = Debug|Any CPU
		Debug|x64 = Debug|x64
		Debug|x86 = Debug|x86
		Release|Any CPU = Release|Any CPU
		Release|x64 = Release|x64
		Release|x86 = Release|x86
	EndGlobalSection
	GlobalSection(ProjectConfigurationPlatforms) = postSolution
		{7CC4F13B-15E7-4FE5-9A6C-578AF9EEF509}.Debug|Any CPU.ActiveCfg = Debug|Any CPU
		{7CC4F13B-15E7-4FE5-9A6C-578AF9EEF509}.Debug|Any CPU.Build.0 = Debug|Any CPU
		{7CC4F13B-15E7-4FE5-9A6C-578AF9EEF509}.Debug|x64.ActiveCfg = Debug|Any CPU
		{7CC4F13B-15E7-4FE5-9A6C-578AF9EEF509}.Debug|x64.Build.0 = Debug|Any CPU
		{7CC4F13B-15E7-4FE5-9A6C-578AF9EEF509}.Debug|x86.ActiveCfg = Debug|Any CPU
		{7CC4F13B-15E7-4FE5-9A6C-578AF9EEF509}.Debug|x86.Build.0 = Debug|Any CPU
		{7CC4F13B-15E7-4FE5-9A6C-578AF9EEF509}.Release|Any CPU.ActiveCfg = Release|Any CPU
		{7CC4F13B-15E7-4FE5-9A6C-578AF9EEF509}.Release|Any CPU.Build.0 = Release|Any CPU
		{7CC4F13B-15E7-4FE5-9A6C-578AF9EEF509}.Release|x64.ActiveCfg = Release|Any CPU
		{7CC4F13B-15E7-4FE5-9A6C-578AF9EEF509}.Release|x64.Build.0 = Release|Any CPU
		{7CC4F13B-15E7-4FE5-9A6C-578AF9EEF509}.Release|x86.ActiveCfg = Release|Any CPU
		{7CC4F13B-15E7-4FE5-9A6C-578AF9EEF509}.Release|x86.Build.0 = Release|Any CPU
		{9C7D9F97-C2DC-4093-9DBF-64704D749206}.Debug|Any CPU.ActiveCfg = Debug|Any CPU
		{9C7D9F97-C2DC-4093-9DBF-64704D749206}.Debug|Any CPU.Build.0 = Debug|Any CPU
		{9C7D9F97-C2DC-4093-9DBF-64704D749206}.Debug|x64.ActiveCfg = Debug|Any CPU
		{9C7D9F97-C2DC-4093-9DBF-64704D749206}.Debug|x64.Build.0 = Debug|Any CPU
		{9C7D9F97-C2DC-4093-9DBF-64704D749206}.Debug|x86.ActiveCfg = Debug|Any CPU
		{9C7D9F97-C2DC-4093-9DBF-64704D749206}.Debug|x86.Build.0 = Debug|Any CPU
		{9C7D9F97-C2DC-4093-9DBF-64704D749206}.Release|Any CPU.ActiveCfg = Release|Any CPU
		{9C7D9F97-C2DC-4093-9DBF-64704D749206}.Release|Any CPU.Build.0 = Release|Any CPU
		{9C7D9F97-C2DC-4093-9DBF-64704D749206}.Release|x64.ActiveCfg = Release|Any CPU
		{9C7D9F97-C2DC-4093-9DBF-64704D749206}.Release|x64.Build.0 = Release|Any CPU
		{9C7D9F97-C2DC-4093-9DBF-64704D749206}.Release|x86.ActiveCfg = Release|Any CPU
		{9C7D9F97-C2DC-4093-9DBF-64704D749206}.Release|x86.Build.0 = Release|Any CPU
		{D3B2A473-B232-4343-BCBB-EA879F1B0D56}.Debug|Any CPU.ActiveCfg = Debug|Any CPU
		{D3B2A473-B232-4343-BCBB-EA879F1B0D56}.Debug|Any CPU.Build.0 = Debug|Any CPU
		{D3B2A473-B232-4343-BCBB-EA879F1B0D56}.Debug|x64.ActiveCfg = Debug|Any CPU
		{D3B2A473-B232-4343-BCBB-EA879F1B0D56}.Debug|x64.Build.0 = Debug|Any CPU
		{D3B2A473-B232-4343-BCBB-EA879F1B0D56}.Debug|x86.ActiveCfg = Debug|Any CPU
		{D3B2A473-B232-4343-BCBB-EA879F1B0D56}.Debug|x86.Build.0 = Debug|Any CPU
		{D3B2A473-B232-4343-BCBB-EA879F1B0D56}.Release|Any CPU.ActiveCfg = Release|Any CPU
		{D3B2A473-B232-4343-BCBB-EA879F1B0D56}.Release|Any CPU.Build.0 = Release|Any CPU
		{D3B2A473-B232-4343-BCBB-EA879F1B0D56}.Release|x64.ActiveCfg = Release|Any CPU
		{D3B2A473-B232-4343-BCBB-EA879F1B0D56}.Release|x64.Build.0 = Release|Any CPU
		{D3B2A473-B232-4343-BCBB-EA879F1B0D56}.Release|x86.ActiveCfg = Release|Any CPU
		{D3B2A473-B232-4343-BCBB-EA879F1B0D56}.Release|x86.Build.0 = Release|Any CPU
		{0FCD4049-5773-4B9A-97B4-29910C340D4B}.Debug|Any CPU.ActiveCfg = Debug|Any CPU
		{0FCD4049-5773-4B9A-97B4-29910C340D4B}.Debug|Any CPU.Build.0 = Debug|Any CPU
		{0FCD4049-5773-4B9A-97B4-29910C340D4B}.Debug|x64.ActiveCfg = Debug|Any CPU
		{0FCD4049-5773-4B9A-97B4-29910C340D4B}.Debug|x64.Build.0 = Debug|Any CPU
		{0FCD4049-5773-4B9A-97B4-29910C340D4B}.Debug|x86.ActiveCfg = Debug|Any CPU
		{0FCD4049-5773-4B9A-97B4-29910C340D4B}.Debug|x86.Build.0 = Debug|Any CPU
		{0FCD4049-5773-4B9A-97B4-29910C340D4B}.Release|Any CPU.ActiveCfg = Release|Any CPU
		{0FCD4049-5773-4B9A-97B4-29910C340D4B}.Release|Any CPU.Build.0 = Release|Any CPU
		{0FCD4049-5773-4B9A-97B4-29910C340D4B}.Release|x64.ActiveCfg = Release|Any CPU
		{0FCD4049-5773-4B9A-97B4-29910C340D4B}.Release|x64.Build.0 = Release|Any CPU
		{0FCD4049-5773-4B9A-97B4-29910C340D4B}.Release|x86.ActiveCfg = Release|Any CPU
		{0FCD4049-5773-4B9A-97B4-29910C340D4B}.Release|x86.Build.0 = Release|Any CPU
		{2D9D4C2A-B8A6-4BC2-B83C-0F8F34657D30}.Debug|Any CPU.ActiveCfg = Debug|Any CPU
		{2D9D4C2A-B8A6-4BC2-B83C-0F8F34657D30}.Debug|Any CPU.Build.0 = Debug|Any CPU
		{2D9D4C2A-B8A6-4BC2-B83C-0F8F34657D30}.Debug|x64.ActiveCfg = Debug|Any CPU
		{2D9D4C2A-B8A6-4BC2-B83C-0F8F34657D30}.Debug|x64.Build.0 = Debug|Any CPU
		{2D9D4C2A-B8A6-4BC2-B83C-0F8F34657D30}.Debug|x86.ActiveCfg = Debug|Any CPU
		{2D9D4C2A-B8A6-4BC2-B83C-0F8F34657D30}.Debug|x86.Build.0 = Debug|Any CPU
		{2D9D4C2A-B8A6-4BC2-B83C-0F8F34657D30}.Release|Any CPU.ActiveCfg = Release|Any CPU
		{2D9D4C2A-B8A6-4BC2-B83C-0F8F34657D30}.Release|Any CPU.Build.0 = Release|Any CPU
		{2D9D4C2A-B8A6-4BC2-B83C-0F8F34657D30}.Release|x64.ActiveCfg = Release|Any CPU
		{2D9D4C2A-B8A6-4BC2-B83C-0F8F34657D30}.Release|x64.Build.0 = Release|Any CPU
		{2D9D4C2A-B8A6-4BC2-B83C-0F8F34657D30}.Release|x86.ActiveCfg = Release|Any CPU
		{2D9D4C2A-B8A6-4BC2-B83C-0F8F34657D30}.Release|x86.Build.0 = Release|Any CPU
		{79E00F27-E748-4564-8A87-A22C88EF338B}.Debug|Any CPU.ActiveCfg = Debug|Any CPU
		{79E00F27-E748-4564-8A87-A22C88EF338B}.Debug|Any CPU.Build.0 = Debug|Any CPU
		{79E00F27-E748-4564-8A87-A22C88EF338B}.Debug|x64.ActiveCfg = Debug|Any CPU
		{79E00F27-E748-4564-8A87-A22C88EF338B}.Debug|x64.Build.0 = Debug|Any CPU
		{79E00F27-E748-4564-8A87-A22C88EF338B}.Debug|x86.ActiveCfg = Debug|Any CPU
		{79E00F27-E748-4564-8A87-A22C88EF338B}.Debug|x86.Build.0 = Debug|Any CPU
		{79E00F27-E748-4564-8A87-A22C88EF338B}.Release|Any CPU.ActiveCfg = Release|Any CPU
		{79E00F27-E748-4564-8A87-A22C88EF338B}.Release|Any CPU.Build.0 = Release|Any CPU
		{79E00F27-E748-4564-8A87-A22C88EF338B}.Release|x64.ActiveCfg = Release|Any CPU
		{79E00F27-E748-4564-8A87-A22C88EF338B}.Release|x64.Build.0 = Release|Any CPU
		{79E00F27-E748-4564-8A87-A22C88EF338B}.Release|x86.ActiveCfg = Release|Any CPU
		{79E00F27-E748-4564-8A87-A22C88EF338B}.Release|x86.Build.0 = Release|Any CPU
		{CED9F478-9F21-4EC0-8E4D-7A91E9A0A848}.Debug|Any CPU.ActiveCfg = Debug|Any CPU
		{CED9F478-9F21-4EC0-8E4D-7A91E9A0A848}.Debug|Any CPU.Build.0 = Debug|Any CPU
		{CED9F478-9F21-4EC0-8E4D-7A91E9A0A848}.Debug|x64.ActiveCfg = Debug|Any CPU
		{CED9F478-9F21-4EC0-8E4D-7A91E9A0A848}.Debug|x64.Build.0 = Debug|Any CPU
		{CED9F478-9F21-4EC0-8E4D-7A91E9A0A848}.Debug|x86.ActiveCfg = Debug|Any CPU
		{CED9F478-9F21-4EC0-8E4D-7A91E9A0A848}.Debug|x86.Build.0 = Debug|Any CPU
		{CED9F478-9F21-4EC0-8E4D-7A91E9A0A848}.Release|Any CPU.ActiveCfg = Release|Any CPU
		{CED9F478-9F21-4EC0-8E4D-7A91E9A0A848}.Release|Any CPU.Build.0 = Release|Any CPU
		{CED9F478-9F21-4EC0-8E4D-7A91E9A0A848}.Release|x64.ActiveCfg = Release|Any CPU
		{CED9F478-9F21-4EC0-8E4D-7A91E9A0A848}.Release|x64.Build.0 = Release|Any CPU
		{CED9F478-9F21-4EC0-8E4D-7A91E9A0A848}.Release|x86.ActiveCfg = Release|Any CPU
		{CED9F478-9F21-4EC0-8E4D-7A91E9A0A848}.Release|x86.Build.0 = Release|Any CPU
		{146CC935-FF2F-460D-9146-85488B231956}.Debug|Any CPU.ActiveCfg = Debug|Any CPU
		{146CC935-FF2F-460D-9146-85488B231956}.Debug|Any CPU.Build.0 = Debug|Any CPU
		{146CC935-FF2F-460D-9146-85488B231956}.Debug|x64.ActiveCfg = Debug|Any CPU
		{146CC935-FF2F-460D-9146-85488B231956}.Debug|x64.Build.0 = Debug|Any CPU
		{146CC935-FF2F-460D-9146-85488B231956}.Debug|x86.ActiveCfg = Debug|Any CPU
		{146CC935-FF2F-460D-9146-85488B231956}.Debug|x86.Build.0 = Debug|Any CPU
		{146CC935-FF2F-460D-9146-85488B231956}.Release|Any CPU.ActiveCfg = Release|Any CPU
		{146CC935-FF2F-460D-9146-85488B231956}.Release|Any CPU.Build.0 = Release|Any CPU
		{146CC935-FF2F-460D-9146-85488B231956}.Release|x64.ActiveCfg = Release|Any CPU
		{146CC935-FF2F-460D-9146-85488B231956}.Release|x64.Build.0 = Release|Any CPU
		{146CC935-FF2F-460D-9146-85488B231956}.Release|x86.ActiveCfg = Release|Any CPU
		{146CC935-FF2F-460D-9146-85488B231956}.Release|x86.Build.0 = Release|Any CPU
		{A3C11F6C-5CE8-4586-97F9-70871CA7BA77}.Debug|Any CPU.ActiveCfg = Debug|Any CPU
		{A3C11F6C-5CE8-4586-97F9-70871CA7BA77}.Debug|Any CPU.Build.0 = Debug|Any CPU
		{A3C11F6C-5CE8-4586-97F9-70871CA7BA77}.Debug|x64.ActiveCfg = Debug|Any CPU
		{A3C11F6C-5CE8-4586-97F9-70871CA7BA77}.Debug|x64.Build.0 = Debug|Any CPU
		{A3C11F6C-5CE8-4586-97F9-70871CA7BA77}.Debug|x86.ActiveCfg = Debug|Any CPU
		{A3C11F6C-5CE8-4586-97F9-70871CA7BA77}.Debug|x86.Build.0 = Debug|Any CPU
		{A3C11F6C-5CE8-4586-97F9-70871CA7BA77}.Release|Any CPU.ActiveCfg = Release|Any CPU
		{A3C11F6C-5CE8-4586-97F9-70871CA7BA77}.Release|Any CPU.Build.0 = Release|Any CPU
		{A3C11F6C-5CE8-4586-97F9-70871CA7BA77}.Release|x64.ActiveCfg = Release|Any CPU
		{A3C11F6C-5CE8-4586-97F9-70871CA7BA77}.Release|x64.Build.0 = Release|Any CPU
		{A3C11F6C-5CE8-4586-97F9-70871CA7BA77}.Release|x86.ActiveCfg = Release|Any CPU
		{A3C11F6C-5CE8-4586-97F9-70871CA7BA77}.Release|x86.Build.0 = Release|Any CPU
		{5A3E3642-748C-4626-AF64-529138A2E7E0}.Debug|Any CPU.ActiveCfg = Debug|Any CPU
		{5A3E3642-748C-4626-AF64-529138A2E7E0}.Debug|Any CPU.Build.0 = Debug|Any CPU
		{5A3E3642-748C-4626-AF64-529138A2E7E0}.Debug|x64.ActiveCfg = Debug|Any CPU
		{5A3E3642-748C-4626-AF64-529138A2E7E0}.Debug|x64.Build.0 = Debug|Any CPU
		{5A3E3642-748C-4626-AF64-529138A2E7E0}.Debug|x86.ActiveCfg = Debug|Any CPU
		{5A3E3642-748C-4626-AF64-529138A2E7E0}.Debug|x86.Build.0 = Debug|Any CPU
		{5A3E3642-748C-4626-AF64-529138A2E7E0}.Release|Any CPU.ActiveCfg = Release|Any CPU
		{5A3E3642-748C-4626-AF64-529138A2E7E0}.Release|Any CPU.Build.0 = Release|Any CPU
		{5A3E3642-748C-4626-AF64-529138A2E7E0}.Release|x64.ActiveCfg = Release|Any CPU
		{5A3E3642-748C-4626-AF64-529138A2E7E0}.Release|x64.Build.0 = Release|Any CPU
		{5A3E3642-748C-4626-AF64-529138A2E7E0}.Release|x86.ActiveCfg = Release|Any CPU
		{5A3E3642-748C-4626-AF64-529138A2E7E0}.Release|x86.Build.0 = Release|Any CPU
		{75147400-71CF-40ED-866F-E2E238C14CEE}.Debug|Any CPU.ActiveCfg = Debug|Any CPU
		{75147400-71CF-40ED-866F-E2E238C14CEE}.Debug|Any CPU.Build.0 = Debug|Any CPU
		{75147400-71CF-40ED-866F-E2E238C14CEE}.Debug|x64.ActiveCfg = Debug|Any CPU
		{75147400-71CF-40ED-866F-E2E238C14CEE}.Debug|x64.Build.0 = Debug|Any CPU
		{75147400-71CF-40ED-866F-E2E238C14CEE}.Debug|x86.ActiveCfg = Debug|Any CPU
		{75147400-71CF-40ED-866F-E2E238C14CEE}.Debug|x86.Build.0 = Debug|Any CPU
		{75147400-71CF-40ED-866F-E2E238C14CEE}.Release|Any CPU.ActiveCfg = Release|Any CPU
		{75147400-71CF-40ED-866F-E2E238C14CEE}.Release|Any CPU.Build.0 = Release|Any CPU
		{75147400-71CF-40ED-866F-E2E238C14CEE}.Release|x64.ActiveCfg = Release|Any CPU
		{75147400-71CF-40ED-866F-E2E238C14CEE}.Release|x64.Build.0 = Release|Any CPU
		{75147400-71CF-40ED-866F-E2E238C14CEE}.Release|x86.ActiveCfg = Release|Any CPU
		{75147400-71CF-40ED-866F-E2E238C14CEE}.Release|x86.Build.0 = Release|Any CPU
		{5F61D6B7-6CA3-4A63-B82A-813D5F4E0AC9}.Debug|Any CPU.ActiveCfg = Debug|Any CPU
		{5F61D6B7-6CA3-4A63-B82A-813D5F4E0AC9}.Debug|Any CPU.Build.0 = Debug|Any CPU
		{5F61D6B7-6CA3-4A63-B82A-813D5F4E0AC9}.Debug|x64.ActiveCfg = Debug|Any CPU
		{5F61D6B7-6CA3-4A63-B82A-813D5F4E0AC9}.Debug|x64.Build.0 = Debug|Any CPU
		{5F61D6B7-6CA3-4A63-B82A-813D5F4E0AC9}.Debug|x86.ActiveCfg = Debug|Any CPU
		{5F61D6B7-6CA3-4A63-B82A-813D5F4E0AC9}.Debug|x86.Build.0 = Debug|Any CPU
		{5F61D6B7-6CA3-4A63-B82A-813D5F4E0AC9}.Release|Any CPU.ActiveCfg = Release|Any CPU
		{5F61D6B7-6CA3-4A63-B82A-813D5F4E0AC9}.Release|Any CPU.Build.0 = Release|Any CPU
		{5F61D6B7-6CA3-4A63-B82A-813D5F4E0AC9}.Release|x64.ActiveCfg = Release|Any CPU
		{5F61D6B7-6CA3-4A63-B82A-813D5F4E0AC9}.Release|x64.Build.0 = Release|Any CPU
		{5F61D6B7-6CA3-4A63-B82A-813D5F4E0AC9}.Release|x86.ActiveCfg = Release|Any CPU
		{5F61D6B7-6CA3-4A63-B82A-813D5F4E0AC9}.Release|x86.Build.0 = Release|Any CPU
		{B7CC272E-4F05-4C6C-99F1-C06F82F5F830}.Debug|Any CPU.ActiveCfg = Debug|Any CPU
		{B7CC272E-4F05-4C6C-99F1-C06F82F5F830}.Debug|Any CPU.Build.0 = Debug|Any CPU
		{B7CC272E-4F05-4C6C-99F1-C06F82F5F830}.Debug|x64.ActiveCfg = Debug|Any CPU
		{B7CC272E-4F05-4C6C-99F1-C06F82F5F830}.Debug|x64.Build.0 = Debug|Any CPU
		{B7CC272E-4F05-4C6C-99F1-C06F82F5F830}.Debug|x86.ActiveCfg = Debug|Any CPU
		{B7CC272E-4F05-4C6C-99F1-C06F82F5F830}.Debug|x86.Build.0 = Debug|Any CPU
		{B7CC272E-4F05-4C6C-99F1-C06F82F5F830}.Release|Any CPU.ActiveCfg = Release|Any CPU
		{B7CC272E-4F05-4C6C-99F1-C06F82F5F830}.Release|Any CPU.Build.0 = Release|Any CPU
		{B7CC272E-4F05-4C6C-99F1-C06F82F5F830}.Release|x64.ActiveCfg = Release|Any CPU
		{B7CC272E-4F05-4C6C-99F1-C06F82F5F830}.Release|x64.Build.0 = Release|Any CPU
		{B7CC272E-4F05-4C6C-99F1-C06F82F5F830}.Release|x86.ActiveCfg = Release|Any CPU
		{B7CC272E-4F05-4C6C-99F1-C06F82F5F830}.Release|x86.Build.0 = Release|Any CPU
		{6570D83B-EEB2-46D0-9238-52B02AC629B3}.Debug|Any CPU.ActiveCfg = Debug|Any CPU
		{6570D83B-EEB2-46D0-9238-52B02AC629B3}.Debug|Any CPU.Build.0 = Debug|Any CPU
		{6570D83B-EEB2-46D0-9238-52B02AC629B3}.Debug|x64.ActiveCfg = Debug|Any CPU
		{6570D83B-EEB2-46D0-9238-52B02AC629B3}.Debug|x64.Build.0 = Debug|Any CPU
		{6570D83B-EEB2-46D0-9238-52B02AC629B3}.Debug|x86.ActiveCfg = Debug|Any CPU
		{6570D83B-EEB2-46D0-9238-52B02AC629B3}.Debug|x86.Build.0 = Debug|Any CPU
		{6570D83B-EEB2-46D0-9238-52B02AC629B3}.Release|Any CPU.ActiveCfg = Release|Any CPU
		{6570D83B-EEB2-46D0-9238-52B02AC629B3}.Release|Any CPU.Build.0 = Release|Any CPU
		{6570D83B-EEB2-46D0-9238-52B02AC629B3}.Release|x64.ActiveCfg = Release|Any CPU
		{6570D83B-EEB2-46D0-9238-52B02AC629B3}.Release|x64.Build.0 = Release|Any CPU
		{6570D83B-EEB2-46D0-9238-52B02AC629B3}.Release|x86.ActiveCfg = Release|Any CPU
		{6570D83B-EEB2-46D0-9238-52B02AC629B3}.Release|x86.Build.0 = Release|Any CPU
		{56E8B77A-BA17-4FCC-BE34-5E0FA599DE70}.Debug|Any CPU.ActiveCfg = Debug|Any CPU
		{56E8B77A-BA17-4FCC-BE34-5E0FA599DE70}.Debug|Any CPU.Build.0 = Debug|Any CPU
		{56E8B77A-BA17-4FCC-BE34-5E0FA599DE70}.Debug|x64.ActiveCfg = Debug|Any CPU
		{56E8B77A-BA17-4FCC-BE34-5E0FA599DE70}.Debug|x64.Build.0 = Debug|Any CPU
		{56E8B77A-BA17-4FCC-BE34-5E0FA599DE70}.Debug|x86.ActiveCfg = Debug|Any CPU
		{56E8B77A-BA17-4FCC-BE34-5E0FA599DE70}.Debug|x86.Build.0 = Debug|Any CPU
		{56E8B77A-BA17-4FCC-BE34-5E0FA599DE70}.Release|Any CPU.ActiveCfg = Release|Any CPU
		{56E8B77A-BA17-4FCC-BE34-5E0FA599DE70}.Release|Any CPU.Build.0 = Release|Any CPU
		{56E8B77A-BA17-4FCC-BE34-5E0FA599DE70}.Release|x64.ActiveCfg = Release|Any CPU
		{56E8B77A-BA17-4FCC-BE34-5E0FA599DE70}.Release|x64.Build.0 = Release|Any CPU
		{56E8B77A-BA17-4FCC-BE34-5E0FA599DE70}.Release|x86.ActiveCfg = Release|Any CPU
		{56E8B77A-BA17-4FCC-BE34-5E0FA599DE70}.Release|x86.Build.0 = Release|Any CPU
		{0AE89765-55E1-4330-986A-4DF292A08881}.Debug|Any CPU.ActiveCfg = Debug|Any CPU
		{0AE89765-55E1-4330-986A-4DF292A08881}.Debug|Any CPU.Build.0 = Debug|Any CPU
		{0AE89765-55E1-4330-986A-4DF292A08881}.Debug|x64.ActiveCfg = Debug|Any CPU
		{0AE89765-55E1-4330-986A-4DF292A08881}.Debug|x64.Build.0 = Debug|Any CPU
		{0AE89765-55E1-4330-986A-4DF292A08881}.Debug|x86.ActiveCfg = Debug|Any CPU
		{0AE89765-55E1-4330-986A-4DF292A08881}.Debug|x86.Build.0 = Debug|Any CPU
		{0AE89765-55E1-4330-986A-4DF292A08881}.Release|Any CPU.ActiveCfg = Release|Any CPU
		{0AE89765-55E1-4330-986A-4DF292A08881}.Release|Any CPU.Build.0 = Release|Any CPU
		{0AE89765-55E1-4330-986A-4DF292A08881}.Release|x64.ActiveCfg = Release|Any CPU
		{0AE89765-55E1-4330-986A-4DF292A08881}.Release|x64.Build.0 = Release|Any CPU
		{0AE89765-55E1-4330-986A-4DF292A08881}.Release|x86.ActiveCfg = Release|Any CPU
		{0AE89765-55E1-4330-986A-4DF292A08881}.Release|x86.Build.0 = Release|Any CPU
		{B0A4445D-56B9-47B0-A3FC-AAFC779AD106}.Debug|Any CPU.ActiveCfg = Debug|Any CPU
		{B0A4445D-56B9-47B0-A3FC-AAFC779AD106}.Debug|Any CPU.Build.0 = Debug|Any CPU
		{B0A4445D-56B9-47B0-A3FC-AAFC779AD106}.Debug|x64.ActiveCfg = Debug|Any CPU
		{B0A4445D-56B9-47B0-A3FC-AAFC779AD106}.Debug|x64.Build.0 = Debug|Any CPU
		{B0A4445D-56B9-47B0-A3FC-AAFC779AD106}.Debug|x86.ActiveCfg = Debug|Any CPU
		{B0A4445D-56B9-47B0-A3FC-AAFC779AD106}.Debug|x86.Build.0 = Debug|Any CPU
		{B0A4445D-56B9-47B0-A3FC-AAFC779AD106}.Release|Any CPU.ActiveCfg = Release|Any CPU
		{B0A4445D-56B9-47B0-A3FC-AAFC779AD106}.Release|Any CPU.Build.0 = Release|Any CPU
		{B0A4445D-56B9-47B0-A3FC-AAFC779AD106}.Release|x64.ActiveCfg = Release|Any CPU
		{B0A4445D-56B9-47B0-A3FC-AAFC779AD106}.Release|x64.Build.0 = Release|Any CPU
		{B0A4445D-56B9-47B0-A3FC-AAFC779AD106}.Release|x86.ActiveCfg = Release|Any CPU
		{B0A4445D-56B9-47B0-A3FC-AAFC779AD106}.Release|x86.Build.0 = Release|Any CPU
		{0CB22F18-8E1C-4E6E-83C5-C9EA61EF30A2}.Debug|Any CPU.ActiveCfg = Debug|Any CPU
		{0CB22F18-8E1C-4E6E-83C5-C9EA61EF30A2}.Debug|Any CPU.Build.0 = Debug|Any CPU
		{0CB22F18-8E1C-4E6E-83C5-C9EA61EF30A2}.Debug|x64.ActiveCfg = Debug|Any CPU
		{0CB22F18-8E1C-4E6E-83C5-C9EA61EF30A2}.Debug|x64.Build.0 = Debug|Any CPU
		{0CB22F18-8E1C-4E6E-83C5-C9EA61EF30A2}.Debug|x86.ActiveCfg = Debug|Any CPU
		{0CB22F18-8E1C-4E6E-83C5-C9EA61EF30A2}.Debug|x86.Build.0 = Debug|Any CPU
		{0CB22F18-8E1C-4E6E-83C5-C9EA61EF30A2}.Release|Any CPU.ActiveCfg = Release|Any CPU
		{0CB22F18-8E1C-4E6E-83C5-C9EA61EF30A2}.Release|Any CPU.Build.0 = Release|Any CPU
		{0CB22F18-8E1C-4E6E-83C5-C9EA61EF30A2}.Release|x64.ActiveCfg = Release|Any CPU
		{0CB22F18-8E1C-4E6E-83C5-C9EA61EF30A2}.Release|x64.Build.0 = Release|Any CPU
		{0CB22F18-8E1C-4E6E-83C5-C9EA61EF30A2}.Release|x86.ActiveCfg = Release|Any CPU
		{0CB22F18-8E1C-4E6E-83C5-C9EA61EF30A2}.Release|x86.Build.0 = Release|Any CPU
		{61FA85A6-CAAE-4A4D-8D3C-02405D6F94B9}.Debug|Any CPU.ActiveCfg = Debug|Any CPU
		{61FA85A6-CAAE-4A4D-8D3C-02405D6F94B9}.Debug|Any CPU.Build.0 = Debug|Any CPU
		{61FA85A6-CAAE-4A4D-8D3C-02405D6F94B9}.Debug|x64.ActiveCfg = Debug|Any CPU
		{61FA85A6-CAAE-4A4D-8D3C-02405D6F94B9}.Debug|x64.Build.0 = Debug|Any CPU
		{61FA85A6-CAAE-4A4D-8D3C-02405D6F94B9}.Debug|x86.ActiveCfg = Debug|Any CPU
		{61FA85A6-CAAE-4A4D-8D3C-02405D6F94B9}.Debug|x86.Build.0 = Debug|Any CPU
		{61FA85A6-CAAE-4A4D-8D3C-02405D6F94B9}.Release|Any CPU.ActiveCfg = Release|Any CPU
		{61FA85A6-CAAE-4A4D-8D3C-02405D6F94B9}.Release|Any CPU.Build.0 = Release|Any CPU
		{61FA85A6-CAAE-4A4D-8D3C-02405D6F94B9}.Release|x64.ActiveCfg = Release|Any CPU
		{61FA85A6-CAAE-4A4D-8D3C-02405D6F94B9}.Release|x64.Build.0 = Release|Any CPU
		{61FA85A6-CAAE-4A4D-8D3C-02405D6F94B9}.Release|x86.ActiveCfg = Release|Any CPU
		{61FA85A6-CAAE-4A4D-8D3C-02405D6F94B9}.Release|x86.Build.0 = Release|Any CPU
		{94FDADB4-1050-41D6-A48F-363A59EBABFD}.Debug|Any CPU.ActiveCfg = Debug|Any CPU
		{94FDADB4-1050-41D6-A48F-363A59EBABFD}.Debug|Any CPU.Build.0 = Debug|Any CPU
		{94FDADB4-1050-41D6-A48F-363A59EBABFD}.Debug|x64.ActiveCfg = Debug|Any CPU
		{94FDADB4-1050-41D6-A48F-363A59EBABFD}.Debug|x64.Build.0 = Debug|Any CPU
		{94FDADB4-1050-41D6-A48F-363A59EBABFD}.Debug|x86.ActiveCfg = Debug|Any CPU
		{94FDADB4-1050-41D6-A48F-363A59EBABFD}.Debug|x86.Build.0 = Debug|Any CPU
		{94FDADB4-1050-41D6-A48F-363A59EBABFD}.Release|Any CPU.ActiveCfg = Release|Any CPU
		{94FDADB4-1050-41D6-A48F-363A59EBABFD}.Release|Any CPU.Build.0 = Release|Any CPU
		{94FDADB4-1050-41D6-A48F-363A59EBABFD}.Release|x64.ActiveCfg = Release|Any CPU
		{94FDADB4-1050-41D6-A48F-363A59EBABFD}.Release|x64.Build.0 = Release|Any CPU
		{94FDADB4-1050-41D6-A48F-363A59EBABFD}.Release|x86.ActiveCfg = Release|Any CPU
		{94FDADB4-1050-41D6-A48F-363A59EBABFD}.Release|x86.Build.0 = Release|Any CPU
		{0860B0D5-A536-4C55-96AA-D09BC37BC0D3}.Debug|Any CPU.ActiveCfg = Debug|Any CPU
		{0860B0D5-A536-4C55-96AA-D09BC37BC0D3}.Debug|Any CPU.Build.0 = Debug|Any CPU
		{0860B0D5-A536-4C55-96AA-D09BC37BC0D3}.Debug|x64.ActiveCfg = Debug|Any CPU
		{0860B0D5-A536-4C55-96AA-D09BC37BC0D3}.Debug|x64.Build.0 = Debug|Any CPU
		{0860B0D5-A536-4C55-96AA-D09BC37BC0D3}.Debug|x86.ActiveCfg = Debug|Any CPU
		{0860B0D5-A536-4C55-96AA-D09BC37BC0D3}.Debug|x86.Build.0 = Debug|Any CPU
		{0860B0D5-A536-4C55-96AA-D09BC37BC0D3}.Release|Any CPU.ActiveCfg = Release|Any CPU
		{0860B0D5-A536-4C55-96AA-D09BC37BC0D3}.Release|Any CPU.Build.0 = Release|Any CPU
		{0860B0D5-A536-4C55-96AA-D09BC37BC0D3}.Release|x64.ActiveCfg = Release|Any CPU
		{0860B0D5-A536-4C55-96AA-D09BC37BC0D3}.Release|x64.Build.0 = Release|Any CPU
		{0860B0D5-A536-4C55-96AA-D09BC37BC0D3}.Release|x86.ActiveCfg = Release|Any CPU
		{0860B0D5-A536-4C55-96AA-D09BC37BC0D3}.Release|x86.Build.0 = Release|Any CPU
		{6CDFEAB0-3567-4072-A93E-5C3E6E9E6351}.Debug|Any CPU.ActiveCfg = Debug|Any CPU
		{6CDFEAB0-3567-4072-A93E-5C3E6E9E6351}.Debug|Any CPU.Build.0 = Debug|Any CPU
		{6CDFEAB0-3567-4072-A93E-5C3E6E9E6351}.Debug|x64.ActiveCfg = Debug|Any CPU
		{6CDFEAB0-3567-4072-A93E-5C3E6E9E6351}.Debug|x64.Build.0 = Debug|Any CPU
		{6CDFEAB0-3567-4072-A93E-5C3E6E9E6351}.Debug|x86.ActiveCfg = Debug|Any CPU
		{6CDFEAB0-3567-4072-A93E-5C3E6E9E6351}.Debug|x86.Build.0 = Debug|Any CPU
		{6CDFEAB0-3567-4072-A93E-5C3E6E9E6351}.Release|Any CPU.ActiveCfg = Release|Any CPU
		{6CDFEAB0-3567-4072-A93E-5C3E6E9E6351}.Release|Any CPU.Build.0 = Release|Any CPU
		{6CDFEAB0-3567-4072-A93E-5C3E6E9E6351}.Release|x64.ActiveCfg = Release|Any CPU
		{6CDFEAB0-3567-4072-A93E-5C3E6E9E6351}.Release|x64.Build.0 = Release|Any CPU
		{6CDFEAB0-3567-4072-A93E-5C3E6E9E6351}.Release|x86.ActiveCfg = Release|Any CPU
		{6CDFEAB0-3567-4072-A93E-5C3E6E9E6351}.Release|x86.Build.0 = Release|Any CPU
		{3155F38F-074C-4216-B9FD-0EB0E58345A1}.Debug|Any CPU.ActiveCfg = Debug|Any CPU
		{3155F38F-074C-4216-B9FD-0EB0E58345A1}.Debug|Any CPU.Build.0 = Debug|Any CPU
		{3155F38F-074C-4216-B9FD-0EB0E58345A1}.Debug|x64.ActiveCfg = Debug|Any CPU
		{3155F38F-074C-4216-B9FD-0EB0E58345A1}.Debug|x64.Build.0 = Debug|Any CPU
		{3155F38F-074C-4216-B9FD-0EB0E58345A1}.Debug|x86.ActiveCfg = Debug|Any CPU
		{3155F38F-074C-4216-B9FD-0EB0E58345A1}.Debug|x86.Build.0 = Debug|Any CPU
		{3155F38F-074C-4216-B9FD-0EB0E58345A1}.Release|Any CPU.ActiveCfg = Release|Any CPU
		{3155F38F-074C-4216-B9FD-0EB0E58345A1}.Release|Any CPU.Build.0 = Release|Any CPU
		{3155F38F-074C-4216-B9FD-0EB0E58345A1}.Release|x64.ActiveCfg = Release|Any CPU
		{3155F38F-074C-4216-B9FD-0EB0E58345A1}.Release|x64.Build.0 = Release|Any CPU
		{3155F38F-074C-4216-B9FD-0EB0E58345A1}.Release|x86.ActiveCfg = Release|Any CPU
		{3155F38F-074C-4216-B9FD-0EB0E58345A1}.Release|x86.Build.0 = Release|Any CPU
	EndGlobalSection
	GlobalSection(SolutionProperties) = preSolution
		HideSolutionNode = FALSE
	EndGlobalSection
	GlobalSection(NestedProjects) = preSolution
		{0FCD4049-5773-4B9A-97B4-29910C340D4B} = {E581E290-CE54-4EF7-8B06-2CCC806A7E07}
		{2D9D4C2A-B8A6-4BC2-B83C-0F8F34657D30} = {E581E290-CE54-4EF7-8B06-2CCC806A7E07}
		{79E00F27-E748-4564-8A87-A22C88EF338B} = {E581E290-CE54-4EF7-8B06-2CCC806A7E07}
		{CED9F478-9F21-4EC0-8E4D-7A91E9A0A848} = {E581E290-CE54-4EF7-8B06-2CCC806A7E07}
		{146CC935-FF2F-460D-9146-85488B231956} = {E581E290-CE54-4EF7-8B06-2CCC806A7E07}
		{A3C11F6C-5CE8-4586-97F9-70871CA7BA77} = {E581E290-CE54-4EF7-8B06-2CCC806A7E07}
		{5A3E3642-748C-4626-AF64-529138A2E7E0} = {E581E290-CE54-4EF7-8B06-2CCC806A7E07}
		{75147400-71CF-40ED-866F-E2E238C14CEE} = {E581E290-CE54-4EF7-8B06-2CCC806A7E07}
		{5F61D6B7-6CA3-4A63-B82A-813D5F4E0AC9} = {E581E290-CE54-4EF7-8B06-2CCC806A7E07}
		{B7CC272E-4F05-4C6C-99F1-C06F82F5F830} = {E581E290-CE54-4EF7-8B06-2CCC806A7E07}
		{6570D83B-EEB2-46D0-9238-52B02AC629B3} = {E581E290-CE54-4EF7-8B06-2CCC806A7E07}
		{56E8B77A-BA17-4FCC-BE34-5E0FA599DE70} = {E581E290-CE54-4EF7-8B06-2CCC806A7E07}
		{0AE89765-55E1-4330-986A-4DF292A08881} = {E581E290-CE54-4EF7-8B06-2CCC806A7E07}
		{B0A4445D-56B9-47B0-A3FC-AAFC779AD106} = {E581E290-CE54-4EF7-8B06-2CCC806A7E07}
		{0CB22F18-8E1C-4E6E-83C5-C9EA61EF30A2} = {E581E290-CE54-4EF7-8B06-2CCC806A7E07}
		{61FA85A6-CAAE-4A4D-8D3C-02405D6F94B9} = {E581E290-CE54-4EF7-8B06-2CCC806A7E07}
		{94FDADB4-1050-41D6-A48F-363A59EBABFD} = {E581E290-CE54-4EF7-8B06-2CCC806A7E07}
		{0860B0D5-A536-4C55-96AA-D09BC37BC0D3} = {E581E290-CE54-4EF7-8B06-2CCC806A7E07}
		{6CDFEAB0-3567-4072-A93E-5C3E6E9E6351} = {E581E290-CE54-4EF7-8B06-2CCC806A7E07}
		{3155F38F-074C-4216-B9FD-0EB0E58345A1} = {E581E290-CE54-4EF7-8B06-2CCC806A7E07}
	EndGlobalSection
	GlobalSection(ExtensibilityGlobals) = postSolution
		SolutionGuid = {5E6C0F75-684B-44E5-9386-5A83FEE3261A}
	EndGlobalSection
EndGlobal
